# This file is generated by running "yarn install" inside your project.
# Manual changes might be lost - proceed with caution!

__metadata:
  version: 8
  cacheKey: 10c2

"@golde/cli-darwin-arm64@npm:0.4.2":
  version: 0.4.2
  resolution: "@golde/cli-darwin-arm64@npm:0.4.2"
  conditions: os=darwin & cpu=arm64
  languageName: node
  linkType: hard

"@golde/cli-darwin-x64@npm:0.4.2":
  version: 0.4.2
  resolution: "@golde/cli-darwin-x64@npm:0.4.2"
  conditions: os=darwin & cpu=x64
  languageName: node
  linkType: hard

"@golde/cli-linux-arm64@npm:0.4.2":
  version: 0.4.2
  resolution: "@golde/cli-linux-arm64@npm:0.4.2"
  conditions: os=linux & cpu=arm64
  languageName: node
  linkType: hard

"@golde/cli-linux-x64@npm:0.4.2":
  version: 0.4.2
  resolution: "@golde/cli-linux-x64@npm:0.4.2"
  conditions: os=linux & cpu=x64
  languageName: node
  linkType: hard

"@golde/cli-win32-x64@npm:0.4.2":
  version: 0.4.2
  resolution: "@golde/cli-win32-x64@npm:0.4.2"
  conditions: os=win32 & cpu=x64
  languageName: node
  linkType: hard

"@golde/cli@npm:*":
  version: 0.4.2
  resolution: "@golde/cli@npm:0.4.2"
  dependencies:
    "@golde/cli-darwin-arm64": "npm:0.4.2"
    "@golde/cli-darwin-x64": "npm:0.4.2"
    "@golde/cli-linux-arm64": "npm:0.4.2"
    "@golde/cli-linux-x64": "npm:0.4.2"
    "@golde/cli-win32-x64": "npm:0.4.2"
  dependenciesMeta:
    "@golde/cli-darwin-arm64":
      optional: true
    "@golde/cli-darwin-x64":
      optional: true
    "@golde/cli-linux-arm64":
      optional: true
    "@golde/cli-linux-x64":
      optional: true
    "@golde/cli-win32-x64":
      optional: true
  bin:
    golde: bin/cli.cjs
  checksum: 10c2/72d2df90d26d2cd716fa65f39153e6ae715317c636bfec3b4bc34e70f1290a187506503d16edcfad5cd911c7824f542e1dcde7a338677d41da81f8aa55d5853d
  languageName: node
  linkType: hard

"@golde/example-aws-s3-object@workspace:.":
  version: 0.0.0-use.local
  resolution: "@golde/example-aws-s3-object@workspace:."
  dependencies:
    "@golde/cli": "npm:*"
  languageName: unknown
  linkType: soft
