{
  "version": "3",
  "packages": {
    "specifiers": {
      "jsr:@std/assert@^0.224.0": "jsr:@std/assert@0.224.0",
      "jsr:@std/cli@^0.224.0": "jsr:@std/cli@0.224.7",
      "jsr:@std/fmt@^1.0.2": "jsr:@std/fmt@1.0.2",
      "jsr:@std/fs@^0.224.0": "jsr:@std/fs@0.224.0",
      "jsr:@std/fs@^1.0.3": "jsr:@std/fs@1.0.3",
      "jsr:@std/io@^0.224.7": "jsr:@std/io@0.224.8",
      "jsr:@std/log@^0.224.0": "jsr:@std/log@0.224.7",
      "jsr:@std/path@^0.224.0": "jsr:@std/path@0.224.0",
      "npm:@systemd-js/conf@^0.8.0": "npm:@systemd-js/conf@0.8.0",
      "npm:@systemd-js/ctl@^0.8.0": "npm:@systemd-js/ctl@0.8.0",
      "npm:commander@^12.0.0": "npm:commander@12.1.0",
      "npm:sudo-prompt@^9.2.1": "npm:sudo-prompt@9.2.1",
      "npm:zod@^3.23.4": "npm:zod@3.23.8"
    },
    "jsr": {
      "@std/assert@0.224.0": {
        "integrity": "8643233ec7aec38a940a8264a6e3eed9bfa44e7a71cc6b3c8874213ff401967f"
      },
      "@std/cli@0.224.7": {
        "integrity": "654ca6477518e5e3a0d3fabafb2789e92b8c0febf1a1d24ba4b567aba94b5977"
      },
      "@std/fmt@1.0.2": {
        "integrity": "87e9dfcdd3ca7c066e0c3c657c1f987c82888eb8103a3a3baa62684ffeb0f7a7"
      },
      "@std/fs@0.224.0": {
        "integrity": "52a5ec89731ac0ca8f971079339286f88c571a4d61686acf75833f03a89d8e69",
        "dependencies": [
          "jsr:@std/assert@^0.224.0",
          "jsr:@std/path@^0.224.0"
        ]
      },
      "@std/fs@1.0.3": {
        "integrity": "3cb839b1360b0a42d8b367c3093bfe4071798e6694fa44cf1963e04a8edba4fe"
      },
      "@std/io@0.224.8": {
        "integrity": "f525d05d51fd873de6352b9afcf35cab9ab5dc448bf3c20e0c8b521ded9be392"
      },
      "@std/log@0.224.7": {
        "integrity": "021941e5cd16de60cb11599c9b36f892aea95987fe66c753922808da27909e18",
        "dependencies": [
          "jsr:@std/fmt@^1.0.2",
          "jsr:@std/fs@^1.0.3",
          "jsr:@std/io@^0.224.7"
        ]
      },
      "@std/path@0.224.0": {
        "integrity": "55bca6361e5a6d158b9380e82d4981d82d338ec587de02951e2b7c3a24910ee6",
        "dependencies": [
          "jsr:@std/assert@^0.224.0"
        ]
      }
    },
    "npm": {
      "@systemd-js/conf@0.8.0": {
        "integrity": "sha512-2DEzI6VRbmrESSAu2TdUIbyZrrvoKAaB0M4ZQMYjkIlleEO3Uyon+VJyAbZHpmxd/xHatYojFeeUjX9aKTzdow==",
        "dependencies": {
          "zod": "zod@3.23.8"
        }
      },
      "@systemd-js/ctl@0.8.0": {
        "integrity": "sha512-HBltOVO1EPhjWnGBT9ArVnD2GmR+vJUENlgTICskSJv6Z9Y6PrNY1eUeeof8/er3G+FsVGFlFo28bUnEzsFmCg==",
        "dependencies": {
          "@systemd-js/conf": "@systemd-js/conf@0.8.0"
        }
      },
      "commander@12.1.0": {
        "integrity": "sha512-Vw8qHK3bZM9y/P10u3Vib8o/DdkvA2OtPtZvD871QKjy74Wj1WSKFILMPRPSdUSx5RFK1arlJzEtA4PkFgnbuA==",
        "dependencies": {}
      },
      "sudo-prompt@9.2.1": {
        "integrity": "sha512-Mu7R0g4ig9TUuGSxJavny5Rv0egCEtpZRNMrZaYS1vxkiIxGiGUwoezU3LazIQ+KE04hTrTfNPgxU5gzi7F5Pw==",
        "dependencies": {}
      },
      "zod@3.23.8": {
        "integrity": "sha512-XBx9AXhXktjUqnepgTiE5flcKIYWi/rme0Eaj+5Y0lftuGBq+jyRu/md4WnuxqgP1ubdpNCsYEYPxrzVHD8d6g==",
        "dependencies": {}
      }
    }
  },
  "remote": {},
  "workspace": {
    "dependencies": [
      "jsr:@std/archive@^0.224.0",
      "jsr:@std/assert@^0.224.0",
      "jsr:@std/cli@^0.224.0",
      "jsr:@std/dotenv@^0.224.0",
      "jsr:@std/fs@^0.224.0",
      "jsr:@std/io@^0.224.0",
      "jsr:@std/log@^0.224.0",
      "jsr:@std/path@^0.224.0",
      "jsr:@std/testing@^0.224.0",
      "npm:@aws-sdk/client-s3@^3.23.0",
      "npm:@inquirer/prompts@^5.0.1",
      "npm:@systemd-js/conf@^0.8.0",
      "npm:@systemd-js/ctl@^0.8.0",
      "npm:commander@^12.0.0",
      "npm:moderndash@^3.11.1",
      "npm:sudo-prompt@^9.2.1",
      "npm:zod@^3.23.4"
    ]
  }
}
