# This file is generated by running "yarn install" inside your project.
# Manual changes might be lost - proceed with caution!

__metadata:
  version: 8
  cacheKey: 10c2

"@golde/cli-darwin-arm64@npm:0.2.0-1717373635979":
  version: 0.2.0-1717373635979
  resolution: "@golde/cli-darwin-arm64@npm:0.2.0-1717373635979"
  conditions: os=darwin & cpu=arm64
  languageName: node
  linkType: hard

"@golde/cli-darwin-x64@npm:0.2.0-1717373635979":
  version: 0.2.0-1717373635979
  resolution: "@golde/cli-darwin-x64@npm:0.2.0-1717373635979"
  conditions: os=darwin & cpu=x64
  languageName: node
  linkType: hard

"@golde/cli-linux-arm64@npm:0.2.0-1717373635979":
  version: 0.2.0-1717373635979
  resolution: "@golde/cli-linux-arm64@npm:0.2.0-1717373635979"
  conditions: os=linux & cpu=arm64
  languageName: node
  linkType: hard

"@golde/cli-linux-x64@npm:0.2.0-1717373635979":
  version: 0.2.0-1717373635979
  resolution: "@golde/cli-linux-x64@npm:0.2.0-1717373635979"
  conditions: os=linux & cpu=x64
  languageName: node
  linkType: hard

"@golde/cli-win32-x64@npm:0.2.0-1717373635979":
  version: 0.2.0-1717373635979
  resolution: "@golde/cli-win32-x64@npm:0.2.0-1717373635979"
  conditions: os=win32 & cpu=x64
  languageName: node
  linkType: hard

"@golde/cli@npm:0.2.0-1717373635979":
  version: 0.2.0-1717373635979
  resolution: "@golde/cli@npm:0.2.0-1717373635979"
  dependencies:
    "@golde/cli-darwin-arm64": "npm:0.2.0-1717373635979"
    "@golde/cli-darwin-x64": "npm:0.2.0-1717373635979"
    "@golde/cli-linux-arm64": "npm:0.2.0-1717373635979"
    "@golde/cli-linux-x64": "npm:0.2.0-1717373635979"
    "@golde/cli-win32-x64": "npm:0.2.0-1717373635979"
  dependenciesMeta:
    "@golde/cli-darwin-arm64":
      optional: true
    "@golde/cli-darwin-x64":
      optional: true
    "@golde/cli-linux-arm64":
      optional: true
    "@golde/cli-linux-x64":
      optional: true
    "@golde/cli-win32-x64":
      optional: true
  bin:
    golde: bin/cli.cjs
  checksum: 10c2/dd8e9339bce2e44530b0deaebaf1329063c9c451083c865e158870a0338e63309a9c61334f6530f39feab8565a138f9a5be925c13c16d40fb7517b4dfbdc1ae6
  languageName: node
  linkType: hard

"@golde/example-dns-cloudflare@workspace:.":
  version: 0.0.0-use.local
  resolution: "@golde/example-dns-cloudflare@workspace:."
  dependencies:
    "@golde/cli": "npm:0.2.0-1717373635979"
  languageName: unknown
  linkType: soft
