# This file is generated by running "yarn install" inside your project.
# Manual changes might be lost - proceed with caution!

__metadata:
  version: 8
  cacheKey: 10c2

"@golde/cli-darwin-arm64@npm:0.4.0-2024-10-24T21-01-20.874Z":
  version: 0.4.0-2024-10-24T21-01-20.874Z
  resolution: "@golde/cli-darwin-arm64@npm:0.4.0-2024-10-24T21-01-20.874Z"
  conditions: os=darwin & cpu=arm64
  languageName: node
  linkType: hard

"@golde/cli-darwin-x64@npm:0.4.0-2024-10-24T21-01-20.874Z":
  version: 0.4.0-2024-10-24T21-01-20.874Z
  resolution: "@golde/cli-darwin-x64@npm:0.4.0-2024-10-24T21-01-20.874Z"
  conditions: os=darwin & cpu=x64
  languageName: node
  linkType: hard

"@golde/cli-linux-arm64@npm:0.4.0-2024-10-24T21-01-20.874Z":
  version: 0.4.0-2024-10-24T21-01-20.874Z
  resolution: "@golde/cli-linux-arm64@npm:0.4.0-2024-10-24T21-01-20.874Z"
  conditions: os=linux & cpu=arm64
  languageName: node
  linkType: hard

"@golde/cli-linux-x64@npm:0.4.0-2024-10-24T21-01-20.874Z":
  version: 0.4.0-2024-10-24T21-01-20.874Z
  resolution: "@golde/cli-linux-x64@npm:0.4.0-2024-10-24T21-01-20.874Z"
  conditions: os=linux & cpu=x64
  languageName: node
  linkType: hard

"@golde/cli-win32-x64@npm:0.4.0-2024-10-24T21-01-20.874Z":
  version: 0.4.0-2024-10-24T21-01-20.874Z
  resolution: "@golde/cli-win32-x64@npm:0.4.0-2024-10-24T21-01-20.874Z"
  conditions: os=win32 & cpu=x64
  languageName: node
  linkType: hard

"@golde/cli@npm:0.4.0-2024-10-24T21-01-20.874Z":
  version: 0.4.0-2024-10-24T21-01-20.874Z
  resolution: "@golde/cli@npm:0.4.0-2024-10-24T21-01-20.874Z"
  dependencies:
    "@golde/cli-darwin-arm64": "npm:0.4.0-2024-10-24T21-01-20.874Z"
    "@golde/cli-darwin-x64": "npm:0.4.0-2024-10-24T21-01-20.874Z"
    "@golde/cli-linux-arm64": "npm:0.4.0-2024-10-24T21-01-20.874Z"
    "@golde/cli-linux-x64": "npm:0.4.0-2024-10-24T21-01-20.874Z"
    "@golde/cli-win32-x64": "npm:0.4.0-2024-10-24T21-01-20.874Z"
  dependenciesMeta:
    "@golde/cli-darwin-arm64":
      optional: true
    "@golde/cli-darwin-x64":
      optional: true
    "@golde/cli-linux-arm64":
      optional: true
    "@golde/cli-linux-x64":
      optional: true
    "@golde/cli-win32-x64":
      optional: true
  bin:
    golde: bin/cli.cjs
  checksum: 10c2/6fa8955d2860a908744e04fe9bfb477273e0b911b907a93bf4560e6a3bdb09e731de518539e2e3eccafdc83a782a1384a3ad523b0cf5ad0251b3f6a7bd37f1be
  languageName: node
  linkType: hard

"@golde/example-bucket-s3@workspace:.":
  version: 0.0.0-use.local
  resolution: "@golde/example-bucket-s3@workspace:."
  dependencies:
    "@golde/cli": "npm:0.4.0-2024-10-24T21-01-20.874Z"
  languageName: unknown
  linkType: soft
