# This file is generated by running "yarn install" inside your project.
# Manual changes might be lost - proceed with caution!

__metadata:
  version: 8
  cacheKey: 10c2

"@fastify/ajv-compiler@npm:^4.0.5":
  version: 4.0.5
  resolution: "@fastify/ajv-compiler@npm:4.0.5"
  dependencies:
    ajv: "npm:^8.12.0"
    ajv-formats: "npm:^3.0.1"
    fast-uri: "npm:^3.0.0"
  checksum: 10c2/73fe47059396ea6753727185a468a1d6f2989a4d863fccfbc0a1d98081f469728569191fbd3e7ee47800404c68548ee30b6b1ecb675089918ed568e8e69229f0
  languageName: node
  linkType: hard

"@fastify/error@npm:^4.0.0":
  version: 4.0.0
  resolution: "@fastify/error@npm:4.0.0"
  checksum: 10c2/78cf99c7a56d81ff1165e8100302f1c1f56c1fdcabecf62731b2360f40757c476fa2173230840b83676fae87689d4347ce4e36e653bddbb5e5ed6f2882c71990
  languageName: node
  linkType: hard

"@fastify/fast-json-stringify-compiler@npm:^5.0.0":
  version: 5.0.1
  resolution: "@fastify/fast-json-stringify-compiler@npm:5.0.1"
  dependencies:
    fast-json-stringify: "npm:^6.0.0"
  checksum: 10c2/bfffe28eadd63c99167dd4e7d98d0849b2d7ed4b515471331fb38c012370d35c248fcd36edbcf68f02b414486eefffd0734f7ec4de19ca7f2810a637865cce3e
  languageName: node
  linkType: hard

"@fastify/forwarded@npm:^3.0.0":
  version: 3.0.1
  resolution: "@fastify/forwarded@npm:3.0.1"
  checksum: 10c2/2ca22f04ad0e742bbc427a1e847f2248b3f5758ebad6ec6e72314ba87e1936eb25f79b04101b8fc58420961506a6afd8029e9502dec4f8e7374b5179496e365e
  languageName: node
  linkType: hard

"@fastify/merge-json-schemas@npm:^0.1.1":
  version: 0.1.1
  resolution: "@fastify/merge-json-schemas@npm:0.1.1"
  dependencies:
    fast-deep-equal: "npm:^3.1.3"
  checksum: 10c2/f443da193dca03f2c90aeda3592a99dd1c82297ca65172f7fe3030cb448794aebb820c5e6420b1eafd15438efa51445f216983bae3888df68d4cf2e885352c83
  languageName: node
  linkType: hard

"@fastify/proxy-addr@npm:^5.0.0":
  version: 5.1.0
  resolution: "@fastify/proxy-addr@npm:5.1.0"
  dependencies:
    "@fastify/forwarded": "npm:^3.0.0"
    ipaddr.js: "npm:^2.1.0"
  checksum: 10c2/56451ab55809a27c3d54ce3a49f80ed71c2890f02a03c79220a5f930c0ed89be54dce97e616b45a78eae26726ca546e246dbb6c11103420571810aeadbeb523f
  languageName: node
  linkType: hard

"@golde/cli-darwin-arm64@npm:0.4.3":
  version: 0.4.3
  resolution: "@golde/cli-darwin-arm64@npm:0.4.3"
  conditions: os=darwin & cpu=arm64
  languageName: node
  linkType: hard

"@golde/cli-darwin-x64@npm:0.4.3":
  version: 0.4.3
  resolution: "@golde/cli-darwin-x64@npm:0.4.3"
  conditions: os=darwin & cpu=x64
  languageName: node
  linkType: hard

"@golde/cli-linux-arm64@npm:0.4.3":
  version: 0.4.3
  resolution: "@golde/cli-linux-arm64@npm:0.4.3"
  conditions: os=linux & cpu=arm64
  languageName: node
  linkType: hard

"@golde/cli-linux-x64@npm:0.4.3":
  version: 0.4.3
  resolution: "@golde/cli-linux-x64@npm:0.4.3"
  conditions: os=linux & cpu=x64
  languageName: node
  linkType: hard

"@golde/cli-win32-x64@npm:0.4.3":
  version: 0.4.3
  resolution: "@golde/cli-win32-x64@npm:0.4.3"
  conditions: os=win32 & cpu=x64
  languageName: node
  linkType: hard

"@golde/cli@npm:^0.4.3":
  version: 0.4.3
  resolution: "@golde/cli@npm:0.4.3"
  dependencies:
    "@golde/cli-darwin-arm64": "npm:0.4.3"
    "@golde/cli-darwin-x64": "npm:0.4.3"
    "@golde/cli-linux-arm64": "npm:0.4.3"
    "@golde/cli-linux-x64": "npm:0.4.3"
    "@golde/cli-win32-x64": "npm:0.4.3"
  dependenciesMeta:
    "@golde/cli-darwin-arm64":
      optional: true
    "@golde/cli-darwin-x64":
      optional: true
    "@golde/cli-linux-arm64":
      optional: true
    "@golde/cli-linux-x64":
      optional: true
    "@golde/cli-win32-x64":
      optional: true
  bin:
    golde: bin/cli.cjs
  checksum: 10c2/58823c757a527f383922287e5a906ed3ac8aa8897b05b3cc2e21f3f22e880c59b939f595ae968720eb64ff8c56f0bd2326aaf8822f5c1804bd0a045c9c1fe0f9
  languageName: node
  linkType: hard

"@golde/example-golde-docker-container@workspace:.":
  version: 0.0.0-use.local
  resolution: "@golde/example-golde-docker-container@workspace:."
  dependencies:
    "@golde/cli": "npm:^0.4.3"
    fastify: "npm:^5.2.2"
  languageName: unknown
  linkType: soft

"@pinojs/redact@npm:^0.4.0":
  version: 0.4.0
  resolution: "@pinojs/redact@npm:0.4.0"
  checksum: 10c2/f723833e6aa33b98ec6d97a67317070d7456179aa2c9fa4d2e21d269cdd2309f3f26da4c1f09094f857d10811da9a2ea3245fccfffb16cc306cb89ca61821e2c
  languageName: node
  linkType: hard

"abstract-logging@npm:^2.0.1":
  version: 2.0.1
  resolution: "abstract-logging@npm:2.0.1"
  checksum: 10c2/66c11bd272cb9945d3dd105075cb3192196ee1b3d85605e3aea69b8586022b750d7f22c0174b371a77be968b29047a49dcd9f3dcae69c7e03ee67f55a8d16229
  languageName: node
  linkType: hard

"ajv-formats@npm:^3.0.1":
  version: 3.0.1
  resolution: "ajv-formats@npm:3.0.1"
  dependencies:
    ajv: "npm:^8.0.0"
  peerDependencies:
    ajv: ^8.0.0
  peerDependenciesMeta:
    ajv:
      optional: true
  checksum: 10c2/5a926a852534c8d0ebef77b3b618b01f52f3689906c9015ce290b207cfa17176d6929f8fc3a33450c97208bf5c3dd7d028d17e9d6043d20535609088e72689f1
  languageName: node
  linkType: hard

"ajv@npm:^8.0.0, ajv@npm:^8.12.0":
  version: 8.17.1
  resolution: "ajv@npm:8.17.1"
  dependencies:
    fast-deep-equal: "npm:^3.1.3"
    fast-uri: "npm:^3.0.1"
    json-schema-traverse: "npm:^1.0.0"
    require-from-string: "npm:^2.0.2"
  checksum: 10c2/71df3054e449b72f36c838cc543fc0979dfc1e2cb3d190d031dc98077cb08c8441da35c3e76c915f8385715a0335afb4e1b6a5774e1911e293253d6bd6d74be1
  languageName: node
  linkType: hard

"atomic-sleep@npm:^1.0.0":
  version: 1.0.0
  resolution: "atomic-sleep@npm:1.0.0"
  checksum: 10c2/4e19a9273fb3c23919690a32e0d19283065ee8b1c5b22bd77a42a2e6362c7a312f843cede6e2b396c06079031eba7664ad2329874b3b2f26ca1dc108ef54cb96
  languageName: node
  linkType: hard

"avvio@npm:^9.0.0":
  version: 9.0.0
  resolution: "avvio@npm:9.0.0"
  dependencies:
    "@fastify/error": "npm:^4.0.0"
    fastq: "npm:^1.17.1"
  checksum: 10c2/cf892fd0cd5b792fca5da7e9c1fb2d7ea28b74df8217cf10383a0b04a4647b7591e17c6456a97bc86e6755bf03c97dfa19f629d2bab1f77fdee4b359fbe33d9e
  languageName: node
  linkType: hard

"cookie@npm:^0.6.0":
  version: 0.6.0
  resolution: "cookie@npm:0.6.0"
  checksum: 10c2/c8c299412977007f79169ad7e03745510ffa42f730c9d0a4b940351cf8aaf1f668151bc6e3d4ac11a1370e86b94073cc36feb5b82b9c9cd4bd18eba024706ac8
  languageName: node
  linkType: hard

"fast-decode-uri-component@npm:^1.0.1":
  version: 1.0.1
  resolution: "fast-decode-uri-component@npm:1.0.1"
  checksum: 10c2/b71a492233488ca385932ff75b009dfb1c83b576591a37b9792393bc58d3bdabd03c4fa6947c0aebcb7af1111d2d15515f89af416df624bb71facdb39592e0e0
  languageName: node
  linkType: hard

"fast-deep-equal@npm:^3.1.3":
  version: 3.1.3
  resolution: "fast-deep-equal@npm:3.1.3"
  checksum: 10c2/034ee8c1ebfedeb0a0ceee872d184aae9d0f2f3b5631dde09f25859e6dbb99d0db199fc2707362cac3c6c26eec8ef314c74590d17ff6fa6b81e7f3856fa1fa6b
  languageName: node
  linkType: hard

"fast-json-stringify@npm:^6.0.0":
  version: 6.0.0
  resolution: "fast-json-stringify@npm:6.0.0"
  dependencies:
    "@fastify/merge-json-schemas": "npm:^0.1.1"
    ajv: "npm:^8.12.0"
    ajv-formats: "npm:^3.0.1"
    fast-deep-equal: "npm:^3.1.3"
    fast-uri: "npm:^2.3.0"
    json-schema-ref-resolver: "npm:^1.0.1"
    rfdc: "npm:^1.2.0"
  checksum: 10c2/73ea576c2404c5a80614996e0c87c15eafc4a166a256a437d7225b45d975e13220dc0d1aba0cbdf6407444cd3ad15815b55ac363a2c5d64495561e6748a6a2f7
  languageName: node
  linkType: hard

"fast-querystring@npm:^1.0.0":
  version: 1.1.2
  resolution: "fast-querystring@npm:1.1.2"
  dependencies:
    fast-decode-uri-component: "npm:^1.0.1"
  checksum: 10c2/752a162852e5fe27e5ba6fc8e7da9b81e7049f60a36639ec3faabe6cd200434bfd3972eae19c5d991188ef906bc4957cd76c58000714eb517b389715e96a500b
  languageName: node
  linkType: hard

"fast-uri@npm:^2.3.0":
  version: 2.4.0
  resolution: "fast-uri@npm:2.4.0"
  checksum: 10c2/9deec24bb1693eeba802ee7e6f377784bce837fa9eb80e4ecd9bb064bc82c21b5de86b2348c0cd46ada07830bb8d4905acb27564e28100fcdd4c24aef2e335f7
  languageName: node
  linkType: hard

"fast-uri@npm:^3.0.0, fast-uri@npm:^3.0.1":
  version: 3.0.1
  resolution: "fast-uri@npm:3.0.1"
  checksum: 10c2/bde4932d8b9535e59eb40cdcd356be8180f3c6194ba689c9b1a12723b4bb35f8fa7f15e39e566415b45b5980995ad11a3f413e3e8b3f64bfb110ea77c8c78740
  languageName: node
  linkType: hard

"fastify@npm:^5.2.2":
  version: 5.8.4
  resolution: "fastify@npm:5.8.4"
  dependencies:
    "@fastify/ajv-compiler": "npm:^4.0.5"
    "@fastify/error": "npm:^4.0.0"
    "@fastify/fast-json-stringify-compiler": "npm:^5.0.0"
    "@fastify/proxy-addr": "npm:^5.0.0"
    abstract-logging: "npm:^2.0.1"
    avvio: "npm:^9.0.0"
    fast-json-stringify: "npm:^6.0.0"
    find-my-way: "npm:^9.0.0"
    light-my-request: "npm:^6.0.0"
    pino: "npm:^9.14.0 || ^10.1.0"
    process-warning: "npm:^5.0.0"
    rfdc: "npm:^1.3.1"
    secure-json-parse: "npm:^4.0.0"
    semver: "npm:^7.6.0"
    toad-cache: "npm:^3.7.0"
  checksum: 10c2/0bbcb0f3067aaf37ced9f9eaa35036654a571b74284e1987f7253ca4dfb94d46cf76905203a486f752bc082ac6d946b6d3eb961a7e45fe99f12010ca3a79f490
  languageName: node
  linkType: hard

"fastq@npm:^1.17.1":
  version: 1.17.1
  resolution: "fastq@npm:1.17.1"
  dependencies:
    reusify: "npm:^1.0.4"
  checksum: 10c2/5fe2763d5a19082f96d01a4c0186aad0104294886b7be0b4466507e4c3d2cd88075e8cee5c922810078179b35b275e0186b5848893c1e552abbafe7281a9e42c
  languageName: node
  linkType: hard

"find-my-way@npm:^9.0.0":
  version: 9.0.1
  resolution: "find-my-way@npm:9.0.1"
  dependencies:
    fast-deep-equal: "npm:^3.1.3"
    fast-querystring: "npm:^1.0.0"
    safe-regex2: "npm:^4.0.0"
  checksum: 10c2/05ec042bf20bd0a17bcb18a9f4acaee6d7a5fe013d1e801390deb9debff4310c9d47d61cc0a9e109625e3733eae1c78b691f7db9ac368ba1d96117fd0221f37f
  languageName: node
  linkType: hard

"ipaddr.js@npm:^2.1.0":
  version: 2.3.0
  resolution: "ipaddr.js@npm:2.3.0"
  checksum: 10c2/81f0d673d8b7e9a3495ed66fb22c5d273d1122b1a8a3ec913aea6753baa0a4966f7e11ac7594246a99f1541388b11b9f2e6b7e5830be2796d74f9dd657934ddd
  languageName: node
  linkType: hard

"json-schema-ref-resolver@npm:^1.0.1":
  version: 1.0.1
  resolution: "json-schema-ref-resolver@npm:1.0.1"
  dependencies:
    fast-deep-equal: "npm:^3.1.3"
  checksum: 10c2/6071d6b2d8c4775caaff19d98d893662b80f2edb088d5aad77b01ea7b4f90ef47d43bedc98fd4e199f4986ce9ec1295449aa12b272b8821e00dcb9fa0e661c0f
  languageName: node
  linkType: hard

"json-schema-traverse@npm:^1.0.0":
  version: 1.0.0
  resolution: "json-schema-traverse@npm:1.0.0"
  checksum: 10c2/2b9a90bf4345334a36e9d1142d5144c39eca33ab4ef019f903465aa25d4304d15a077a991b40a553c081d2fe8f76794c06149f2a9a266d25892ecde02e646fb7
  languageName: node
  linkType: hard

"light-my-request@npm:^6.0.0":
  version: 6.0.0
  resolution: "light-my-request@npm:6.0.0"
  dependencies:
    cookie: "npm:^0.6.0"
    process-warning: "npm:^4.0.0"
    set-cookie-parser: "npm:^2.6.0"
  checksum: 10c2/b06f61a76bb21a089eea30c97b24322f2a20cef298162e7950dbb36fb9ccbea3046e8fad130af630fa882976cc6af9daf3d9fdb7eb19254a75b5fde3fe67bf7c
  languageName: node
  linkType: hard

"on-exit-leak-free@npm:^2.1.0":
  version: 2.1.2
  resolution: "on-exit-leak-free@npm:2.1.2"
  checksum: 10c2/38a78122582c858e111f396658e1738d1e4fdd6d20a531ffdbb65459ef149fe4180105d284dcd1eca178265586607b8f8de191276a5e33d4f943cc137ffe08f8
  languageName: node
  linkType: hard

"pino-abstract-transport@npm:^3.0.0":
  version: 3.0.0
  resolution: "pino-abstract-transport@npm:3.0.0"
  dependencies:
    split2: "npm:^4.0.0"
  checksum: 10c2/3c2f4efd0fd62c79adf1f05019baf970f8db546c33e2b7f848299c358319f1af9d03cf68c15e221e4c322f5df725560ea1a7317750877ff93c84c4f450cc7029
  languageName: node
  linkType: hard

"pino-std-serializers@npm:^7.0.0":
  version: 7.0.0
  resolution: "pino-std-serializers@npm:7.0.0"
  checksum: 10c2/f28be1111171e5036120bc8cb8e9915191273fa61013666846451eb81bb03f3d591e61bcc665be5f5ce576fdf36f925c212166d98df319bea4e431224a00befa
  languageName: node
  linkType: hard

"pino@npm:^9.14.0 || ^10.1.0":
  version: 10.3.1
  resolution: "pino@npm:10.3.1"
  dependencies:
    "@pinojs/redact": "npm:^0.4.0"
    atomic-sleep: "npm:^1.0.0"
    on-exit-leak-free: "npm:^2.1.0"
    pino-abstract-transport: "npm:^3.0.0"
    pino-std-serializers: "npm:^7.0.0"
    process-warning: "npm:^5.0.0"
    quick-format-unescaped: "npm:^4.0.3"
    real-require: "npm:^0.2.0"
    safe-stable-stringify: "npm:^2.3.1"
    sonic-boom: "npm:^4.0.1"
    thread-stream: "npm:^4.0.0"
  bin:
    pino: bin.js
  checksum: 10c2/251ef04c6e69bcc41bfa60c95c9a4920a7444893e3f16f75c9276eb1672e164225459f51c755e21a785e71d526457969fe2d31167db4866877a41df7fb0b61ed
  languageName: node
  linkType: hard

"process-warning@npm:^4.0.0":
  version: 4.0.0
  resolution: "process-warning@npm:4.0.0"
  checksum: 10c2/16ab331086faa07af3ddd82d43fe8e59c884c8166513b0b9bec872def908236682bb5ffe69579acae7e6eddea031bca5d211ca52bb97ada9bc09a5a0261a3810
  languageName: node
  linkType: hard

"process-warning@npm:^5.0.0":
  version: 5.0.0
  resolution: "process-warning@npm:5.0.0"
  checksum: 10c2/8fd55bbc6aa87ad2207d942cda519d4449ef054634ac28c76784386f7e1bd2796a497e5cd676dc313b7900b11c807b53b9130ad812b566e9b290b98e96b63261
  languageName: node
  linkType: hard

"quick-format-unescaped@npm:^4.0.3":
  version: 4.0.4
  resolution: "quick-format-unescaped@npm:4.0.4"
  checksum: 10c2/112a89e8a6ce63e409bbc3b0eee72be2a636487e32c64d9bb4e3e7b90bbc245e1b50d8358e3cb547ec100ffcba53e087232985c7c3e39f87cc24d406ee418bfd
  languageName: node
  linkType: hard

"real-require@npm:^0.2.0":
  version: 0.2.0
  resolution: "real-require@npm:0.2.0"
  checksum: 10c2/d664f2b71760411545cdde5f8a5a232ef3c6d248c310948de63c91d26229ae90ce8435116485b9b166ba48decb19335265974597c08df75e8208fc45c4b0e5fa
  languageName: node
  linkType: hard

"require-from-string@npm:^2.0.2":
  version: 2.0.2
  resolution: "require-from-string@npm:2.0.2"
  checksum: 10c2/084665d3ae178ee59dce882afd6bf1952a519fadaa250623f740509d257e4a23fd5f7d7c3c003b2640e8ff77bdb74577d4fc16b87250697d4381872d3e413e68
  languageName: node
  linkType: hard

"ret@npm:~0.5.0":
  version: 0.5.0
  resolution: "ret@npm:0.5.0"
  checksum: 10c2/3feb473ede428e6e84ba9026494b065f8578b379e6d5a643ff1abed30210a09ba841c8b26776ad18e50cab25b7a39b3db2238a862af912ae842d7d132839ad0f
  languageName: node
  linkType: hard

"reusify@npm:^1.0.4":
  version: 1.0.4
  resolution: "reusify@npm:1.0.4"
  checksum: 10c2/07488bc1cd5497430879bec8d6820fe64489fe2486a3b72af7b440aded321f6811bdd32621ff68fbaf9d58d33eab4ea9ec0ec44009ccb8f8c1bb19eaa71bf675
  languageName: node
  linkType: hard

"rfdc@npm:^1.2.0, rfdc@npm:^1.3.1":
  version: 1.4.1
  resolution: "rfdc@npm:1.4.1"
  checksum: 10c2/b6c4e0d39798388f184cc982fca76e62ea090ce020489f9b1a817c251922dcc3f345554d334c1bfa646e4db83ac73d5d38582084910d49fd557505d3053ee222
  languageName: node
  linkType: hard

"safe-regex2@npm:^4.0.0":
  version: 4.0.0
  resolution: "safe-regex2@npm:4.0.0"
  dependencies:
    ret: "npm:~0.5.0"
  checksum: 10c2/db13357218ea10545ab6360955fb90d665614cbc7a53112663665fc1e6f9f4177bb82c4af055426102fac4c33d6995da0ab018a823e00703605c2b9b4ec5c1de
  languageName: node
  linkType: hard

"safe-stable-stringify@npm:^2.3.1":
  version: 2.5.0
  resolution: "safe-stable-stringify@npm:2.5.0"
  checksum: 10c2/435ecb66ceaefddd9662048211276c9afc440ab4a30526ddba4bc96038f6fc2a4cd856bb7229b534464d131448200ea7a524a6f00600eb17ba33c57df127bc98
  languageName: node
  linkType: hard

"secure-json-parse@npm:^4.0.0":
  version: 4.1.0
  resolution: "secure-json-parse@npm:4.1.0"
  checksum: 10c2/b71f612c91702fa208ea84a4b64d4173fdc13938d42786f13363d5d757c7ad83a13344babb2b22fdd52d8fb291a5e03f900fe1853b5587beb27206d9a092d31d
  languageName: node
  linkType: hard

"semver@npm:^7.6.0":
  version: 7.6.3
  resolution: "semver@npm:7.6.3"
  bin:
    semver: bin/semver.js
  checksum: 10c2/9b9229b0c2f943b1a031358127cf55db2955adaec083c703d97ca206003089ec54de6c24c7ba78393d1e6adc47a05278e1042b4b297a02dc1becaad3e1acc6bf
  languageName: node
  linkType: hard

"set-cookie-parser@npm:^2.6.0":
  version: 2.7.0
  resolution: "set-cookie-parser@npm:2.7.0"
  checksum: 10c2/22aaa025a19d50ded5551b7452f6125421a7028244487ab30b12b0ba036389b1dc3251ef6688e9de9402aeec48dca6567ae611a76483cb293035697b9fec63b6
  languageName: node
  linkType: hard

"sonic-boom@npm:^4.0.1":
  version: 4.1.0
  resolution: "sonic-boom@npm:4.1.0"
  dependencies:
    atomic-sleep: "npm:^1.0.0"
  checksum: 10c2/ad2cbdd26c6104f1cfe677c5475def8022f5f0dae0e05162f82d8bfd51f79ea820fe899d64aac780661c5b3d794eb69b67a9aff783f1cf2007ffeec6769ca95a
  languageName: node
  linkType: hard

"split2@npm:^4.0.0":
  version: 4.2.0
  resolution: "split2@npm:4.2.0"
  checksum: 10c2/8aac3a2a8b688bd300e6824aef572a78c8c60a72a805b04fe2d08380c1b86deaf785f43d344c6881eb8a53563b682a1dee1f3ca61998587cb1cdd449f1b9cbb4
  languageName: node
  linkType: hard

"thread-stream@npm:^4.0.0":
  version: 4.0.0
  resolution: "thread-stream@npm:4.0.0"
  dependencies:
    real-require: "npm:^0.2.0"
  checksum: 10c2/c1ef0ee758a8317462144712af1a21a5b4d95863e2c70202487f2851865ae58a1ed4f5d93c4410145b905165c46c6e1426c76c63681ec6cd26f7053b37e707e9
  languageName: node
  linkType: hard

"toad-cache@npm:^3.7.0":
  version: 3.7.0
  resolution: "toad-cache@npm:3.7.0"
  checksum: 10c2/ddca644bdae9c569282a631858ab4ee5160290ac74ea14256f4e7e7e84534c3967fb0c687985ab6f6ca1a38a5c3ae11ca39b283755d3d89b1cd9a480dbd9cbca
  languageName: node
  linkType: hard
