# This file is generated by running "yarn install" inside your project.
# Manual changes might be lost - proceed with caution!

__metadata:
  version: 8
  cacheKey: 10c2

"@golde/cli-darwin-arm64@npm:0.4.3":
  version: 0.4.3
  resolution: "@golde/cli-darwin-arm64@npm:0.4.3"
  conditions: os=darwin & cpu=arm64
  languageName: node
  linkType: hard

"@golde/cli-darwin-x64@npm:0.4.3":
  version: 0.4.3
  resolution: "@golde/cli-darwin-x64@npm:0.4.3"
  conditions: os=darwin & cpu=x64
  languageName: node
  linkType: hard

"@golde/cli-linux-arm64@npm:0.4.3":
  version: 0.4.3
  resolution: "@golde/cli-linux-arm64@npm:0.4.3"
  conditions: os=linux & cpu=arm64
  languageName: node
  linkType: hard

"@golde/cli-linux-x64@npm:0.4.3":
  version: 0.4.3
  resolution: "@golde/cli-linux-x64@npm:0.4.3"
  conditions: os=linux & cpu=x64
  languageName: node
  linkType: hard

"@golde/cli-win32-x64@npm:0.4.3":
  version: 0.4.3
  resolution: "@golde/cli-win32-x64@npm:0.4.3"
  conditions: os=win32 & cpu=x64
  languageName: node
  linkType: hard

"@golde/cli@npm:^0.4.3":
  version: 0.4.3
  resolution: "@golde/cli@npm:0.4.3"
  dependencies:
    "@golde/cli-darwin-arm64": "npm:0.4.3"
    "@golde/cli-darwin-x64": "npm:0.4.3"
    "@golde/cli-linux-arm64": "npm:0.4.3"
    "@golde/cli-linux-x64": "npm:0.4.3"
    "@golde/cli-win32-x64": "npm:0.4.3"
  dependenciesMeta:
    "@golde/cli-darwin-arm64":
      optional: true
    "@golde/cli-darwin-x64":
      optional: true
    "@golde/cli-linux-arm64":
      optional: true
    "@golde/cli-linux-x64":
      optional: true
    "@golde/cli-win32-x64":
      optional: true
  bin:
    golde: bin/cli.cjs
  checksum: 10c2/58823c757a527f383922287e5a906ed3ac8aa8897b05b3cc2e21f3f22e880c59b939f595ae968720eb64ff8c56f0bd2326aaf8822f5c1804bd0a045c9c1fe0f9
  languageName: node
  linkType: hard

"@golde/example-bucket-r2-bucket@workspace:.":
  version: 0.0.0-use.local
  resolution: "@golde/example-bucket-r2-bucket@workspace:."
  dependencies:
    "@golde/cli": "npm:^0.4.3"
  languageName: unknown
  linkType: soft
