# This file is generated by running "yarn install" inside your project.
# Manual changes might be lost - proceed with caution!

__metadata:
  version: 8
  cacheKey: 10c2

"@fastify/ajv-compiler@npm:^4.0.0":
  version: 4.0.1
  resolution: "@fastify/ajv-compiler@npm:4.0.1"
  dependencies:
    ajv: "npm:^8.12.0"
    ajv-formats: "npm:^3.0.1"
    fast-uri: "npm:^3.0.0"
  checksum: 10c2/7a8d034e0b833e7f399b985d1d71be3b4d9f4ce92c686b93f2f6dceb5c10715ac0bc8019152aa5433743655e987ca3abe6a73c438b5cc2e0f8e7d319fe965ff8
  languageName: node
  linkType: hard

"@fastify/error@npm:^4.0.0":
  version: 4.0.0
  resolution: "@fastify/error@npm:4.0.0"
  checksum: 10c2/78cf99c7a56d81ff1165e8100302f1c1f56c1fdcabecf62731b2360f40757c476fa2173230840b83676fae87689d4347ce4e36e653bddbb5e5ed6f2882c71990
  languageName: node
  linkType: hard

"@fastify/fast-json-stringify-compiler@npm:^5.0.0":
  version: 5.0.1
  resolution: "@fastify/fast-json-stringify-compiler@npm:5.0.1"
  dependencies:
    fast-json-stringify: "npm:^6.0.0"
  checksum: 10c2/bfffe28eadd63c99167dd4e7d98d0849b2d7ed4b515471331fb38c012370d35c248fcd36edbcf68f02b414486eefffd0734f7ec4de19ca7f2810a637865cce3e
  languageName: node
  linkType: hard

"@fastify/merge-json-schemas@npm:^0.1.1":
  version: 0.1.1
  resolution: "@fastify/merge-json-schemas@npm:0.1.1"
  dependencies:
    fast-deep-equal: "npm:^3.1.3"
  checksum: 10c2/f443da193dca03f2c90aeda3592a99dd1c82297ca65172f7fe3030cb448794aebb820c5e6420b1eafd15438efa51445f216983bae3888df68d4cf2e885352c83
  languageName: node
  linkType: hard

"@golde/cli-darwin-arm64@npm:0.4.3":
  version: 0.4.3
  resolution: "@golde/cli-darwin-arm64@npm:0.4.3"
  conditions: os=darwin & cpu=arm64
  languageName: node
  linkType: hard

"@golde/cli-darwin-x64@npm:0.4.3":
  version: 0.4.3
  resolution: "@golde/cli-darwin-x64@npm:0.4.3"
  conditions: os=darwin & cpu=x64
  languageName: node
  linkType: hard

"@golde/cli-linux-arm64@npm:0.4.3":
  version: 0.4.3
  resolution: "@golde/cli-linux-arm64@npm:0.4.3"
  conditions: os=linux & cpu=arm64
  languageName: node
  linkType: hard

"@golde/cli-linux-x64@npm:0.4.3":
  version: 0.4.3
  resolution: "@golde/cli-linux-x64@npm:0.4.3"
  conditions: os=linux & cpu=x64
  languageName: node
  linkType: hard

"@golde/cli-win32-x64@npm:0.4.3":
  version: 0.4.3
  resolution: "@golde/cli-win32-x64@npm:0.4.3"
  conditions: os=win32 & cpu=x64
  languageName: node
  linkType: hard

"@golde/cli@npm:^0.4.3":
  version: 0.4.3
  resolution: "@golde/cli@npm:0.4.3"
  dependencies:
    "@golde/cli-darwin-arm64": "npm:0.4.3"
    "@golde/cli-darwin-x64": "npm:0.4.3"
    "@golde/cli-linux-arm64": "npm:0.4.3"
    "@golde/cli-linux-x64": "npm:0.4.3"
    "@golde/cli-win32-x64": "npm:0.4.3"
  dependenciesMeta:
    "@golde/cli-darwin-arm64":
      optional: true
    "@golde/cli-darwin-x64":
      optional: true
    "@golde/cli-linux-arm64":
      optional: true
    "@golde/cli-linux-x64":
      optional: true
    "@golde/cli-win32-x64":
      optional: true
  bin:
    golde: bin/cli.cjs
  checksum: 10c2/58823c757a527f383922287e5a906ed3ac8aa8897b05b3cc2e21f3f22e880c59b939f595ae968720eb64ff8c56f0bd2326aaf8822f5c1804bd0a045c9c1fe0f9
  languageName: node
  linkType: hard

"@golde/example-github-ghcr-docker-image@workspace:.":
  version: 0.0.0-use.local
  resolution: "@golde/example-github-ghcr-docker-image@workspace:."
  dependencies:
    "@golde/cli": "npm:^0.4.3"
    fastify: "npm:5.0.0"
  languageName: unknown
  linkType: soft

"abort-controller@npm:^3.0.0":
  version: 3.0.0
  resolution: "abort-controller@npm:3.0.0"
  dependencies:
    event-target-shim: "npm:^5.0.0"
  checksum: 10c2/ca90182417d22c6f766b7c7f362b01fe7a1135de274abc30f1e542503be33e5765e6fed3a1349a9dbb428573b6f3900dfcab5fbd78a020bdd6b9c81fe09b003a
  languageName: node
  linkType: hard

"abstract-logging@npm:^2.0.1":
  version: 2.0.1
  resolution: "abstract-logging@npm:2.0.1"
  checksum: 10c2/66c11bd272cb9945d3dd105075cb3192196ee1b3d85605e3aea69b8586022b750d7f22c0174b371a77be968b29047a49dcd9f3dcae69c7e03ee67f55a8d16229
  languageName: node
  linkType: hard

"ajv-formats@npm:^3.0.1":
  version: 3.0.1
  resolution: "ajv-formats@npm:3.0.1"
  dependencies:
    ajv: "npm:^8.0.0"
  peerDependencies:
    ajv: ^8.0.0
  peerDependenciesMeta:
    ajv:
      optional: true
  checksum: 10c2/5a926a852534c8d0ebef77b3b618b01f52f3689906c9015ce290b207cfa17176d6929f8fc3a33450c97208bf5c3dd7d028d17e9d6043d20535609088e72689f1
  languageName: node
  linkType: hard

"ajv@npm:^8.0.0, ajv@npm:^8.12.0":
  version: 8.17.1
  resolution: "ajv@npm:8.17.1"
  dependencies:
    fast-deep-equal: "npm:^3.1.3"
    fast-uri: "npm:^3.0.1"
    json-schema-traverse: "npm:^1.0.0"
    require-from-string: "npm:^2.0.2"
  checksum: 10c2/71df3054e449b72f36c838cc543fc0979dfc1e2cb3d190d031dc98077cb08c8441da35c3e76c915f8385715a0335afb4e1b6a5774e1911e293253d6bd6d74be1
  languageName: node
  linkType: hard

"atomic-sleep@npm:^1.0.0":
  version: 1.0.0
  resolution: "atomic-sleep@npm:1.0.0"
  checksum: 10c2/4e19a9273fb3c23919690a32e0d19283065ee8b1c5b22bd77a42a2e6362c7a312f843cede6e2b396c06079031eba7664ad2329874b3b2f26ca1dc108ef54cb96
  languageName: node
  linkType: hard

"avvio@npm:^9.0.0":
  version: 9.0.0
  resolution: "avvio@npm:9.0.0"
  dependencies:
    "@fastify/error": "npm:^4.0.0"
    fastq: "npm:^1.17.1"
  checksum: 10c2/cf892fd0cd5b792fca5da7e9c1fb2d7ea28b74df8217cf10383a0b04a4647b7591e17c6456a97bc86e6755bf03c97dfa19f629d2bab1f77fdee4b359fbe33d9e
  languageName: node
  linkType: hard

"base64-js@npm:^1.3.1":
  version: 1.5.1
  resolution: "base64-js@npm:1.5.1"
  checksum: 10c2/d46dabcdc3b6bcc8d3705b9d0b9cd56cdc7221f06a7544e14ec975b1e8f9fdfb7b19e679f5e103c674fe1a92b48cfc8b8f80d7a5ddba405dfe4f93b7ffb88f5d
  languageName: node
  linkType: hard

"buffer@npm:^6.0.3":
  version: 6.0.3
  resolution: "buffer@npm:6.0.3"
  dependencies:
    base64-js: "npm:^1.3.1"
    ieee754: "npm:^1.2.1"
  checksum: 10c2/169323cf0486c83473cc4c255a50c6a5014f73196e4663ea73042b323889e24d16423a9a69e2c54dee46b23a39c5da35668ff06c1d33bdfcd76d707267a9d0ad
  languageName: node
  linkType: hard

"cookie@npm:^0.6.0":
  version: 0.6.0
  resolution: "cookie@npm:0.6.0"
  checksum: 10c2/c8c299412977007f79169ad7e03745510ffa42f730c9d0a4b940351cf8aaf1f668151bc6e3d4ac11a1370e86b94073cc36feb5b82b9c9cd4bd18eba024706ac8
  languageName: node
  linkType: hard

"event-target-shim@npm:^5.0.0":
  version: 5.0.1
  resolution: "event-target-shim@npm:5.0.1"
  checksum: 10c2/390550bfb0c6bd19245de34c54d7458bc46d748729f21c5a857220ce30b5e7f8bfbc0e9b9b16910fb23ee058655de2a6509643e781b8afc84af286866b711bba
  languageName: node
  linkType: hard

"events@npm:^3.3.0":
  version: 3.3.0
  resolution: "events@npm:3.3.0"
  checksum: 10c2/c716eb78a5e8488b0485faa8709f7b10045ac66333b7d0c65ba977afd3e690a4c10838a47bce8f4eda202054e1c95556d3e920f14a9fce9dd51d087c7cc44611
  languageName: node
  linkType: hard

"fast-decode-uri-component@npm:^1.0.1":
  version: 1.0.1
  resolution: "fast-decode-uri-component@npm:1.0.1"
  checksum: 10c2/b71a492233488ca385932ff75b009dfb1c83b576591a37b9792393bc58d3bdabd03c4fa6947c0aebcb7af1111d2d15515f89af416df624bb71facdb39592e0e0
  languageName: node
  linkType: hard

"fast-deep-equal@npm:^3.1.3":
  version: 3.1.3
  resolution: "fast-deep-equal@npm:3.1.3"
  checksum: 10c2/034ee8c1ebfedeb0a0ceee872d184aae9d0f2f3b5631dde09f25859e6dbb99d0db199fc2707362cac3c6c26eec8ef314c74590d17ff6fa6b81e7f3856fa1fa6b
  languageName: node
  linkType: hard

"fast-json-stringify@npm:^6.0.0":
  version: 6.0.0
  resolution: "fast-json-stringify@npm:6.0.0"
  dependencies:
    "@fastify/merge-json-schemas": "npm:^0.1.1"
    ajv: "npm:^8.12.0"
    ajv-formats: "npm:^3.0.1"
    fast-deep-equal: "npm:^3.1.3"
    fast-uri: "npm:^2.3.0"
    json-schema-ref-resolver: "npm:^1.0.1"
    rfdc: "npm:^1.2.0"
  checksum: 10c2/73ea576c2404c5a80614996e0c87c15eafc4a166a256a437d7225b45d975e13220dc0d1aba0cbdf6407444cd3ad15815b55ac363a2c5d64495561e6748a6a2f7
  languageName: node
  linkType: hard

"fast-querystring@npm:^1.0.0":
  version: 1.1.2
  resolution: "fast-querystring@npm:1.1.2"
  dependencies:
    fast-decode-uri-component: "npm:^1.0.1"
  checksum: 10c2/752a162852e5fe27e5ba6fc8e7da9b81e7049f60a36639ec3faabe6cd200434bfd3972eae19c5d991188ef906bc4957cd76c58000714eb517b389715e96a500b
  languageName: node
  linkType: hard

"fast-redact@npm:^3.1.1":
  version: 3.5.0
  resolution: "fast-redact@npm:3.5.0"
  checksum: 10c2/ddf83dd3175b2cad1edd196379178babf110bb9912afb8ddadf6252132ccf0e398f7bf668cc4aef613c35c6a774b7a3abd2e0db6d790b159caa17974b950aec0
  languageName: node
  linkType: hard

"fast-uri@npm:^2.3.0":
  version: 2.4.0
  resolution: "fast-uri@npm:2.4.0"
  checksum: 10c2/9deec24bb1693eeba802ee7e6f377784bce837fa9eb80e4ecd9bb064bc82c21b5de86b2348c0cd46ada07830bb8d4905acb27564e28100fcdd4c24aef2e335f7
  languageName: node
  linkType: hard

"fast-uri@npm:^3.0.0, fast-uri@npm:^3.0.1":
  version: 3.0.1
  resolution: "fast-uri@npm:3.0.1"
  checksum: 10c2/bde4932d8b9535e59eb40cdcd356be8180f3c6194ba689c9b1a12723b4bb35f8fa7f15e39e566415b45b5980995ad11a3f413e3e8b3f64bfb110ea77c8c78740
  languageName: node
  linkType: hard

"fastify@npm:5.0.0":
  version: 5.0.0
  resolution: "fastify@npm:5.0.0"
  dependencies:
    "@fastify/ajv-compiler": "npm:^4.0.0"
    "@fastify/error": "npm:^4.0.0"
    "@fastify/fast-json-stringify-compiler": "npm:^5.0.0"
    abstract-logging: "npm:^2.0.1"
    avvio: "npm:^9.0.0"
    fast-json-stringify: "npm:^6.0.0"
    find-my-way: "npm:^9.0.0"
    light-my-request: "npm:^6.0.0"
    pino: "npm:^9.0.0"
    process-warning: "npm:^4.0.0"
    proxy-addr: "npm:^2.0.7"
    rfdc: "npm:^1.3.1"
    secure-json-parse: "npm:^2.7.0"
    semver: "npm:^7.6.0"
    toad-cache: "npm:^3.7.0"
  checksum: 10c2/7a8f1606774c3e5cde32b5199670363b88049175af7b01e8a41ddfe74e23229691b4b123ff94c9af9827c930fbad934443aa9f6c4366b3960b5cd81e505ea7d3
  languageName: node
  linkType: hard

"fastq@npm:^1.17.1":
  version: 1.17.1
  resolution: "fastq@npm:1.17.1"
  dependencies:
    reusify: "npm:^1.0.4"
  checksum: 10c2/5fe2763d5a19082f96d01a4c0186aad0104294886b7be0b4466507e4c3d2cd88075e8cee5c922810078179b35b275e0186b5848893c1e552abbafe7281a9e42c
  languageName: node
  linkType: hard

"find-my-way@npm:^9.0.0":
  version: 9.0.1
  resolution: "find-my-way@npm:9.0.1"
  dependencies:
    fast-deep-equal: "npm:^3.1.3"
    fast-querystring: "npm:^1.0.0"
    safe-regex2: "npm:^4.0.0"
  checksum: 10c2/05ec042bf20bd0a17bcb18a9f4acaee6d7a5fe013d1e801390deb9debff4310c9d47d61cc0a9e109625e3733eae1c78b691f7db9ac368ba1d96117fd0221f37f
  languageName: node
  linkType: hard

"forwarded@npm:0.2.0":
  version: 0.2.0
  resolution: "forwarded@npm:0.2.0"
  checksum: 10c2/3f5662927cbc48df280cdd984baa7adad13d09ea0354eab6d96823d8bf491b98ab692ff42afa0ff6ff12b3ec57aede7427175a63533aa1eb9a4db64d8ffdf9a0
  languageName: node
  linkType: hard

"ieee754@npm:^1.2.1":
  version: 1.2.1
  resolution: "ieee754@npm:1.2.1"
  checksum: 10c2/4ed9fa5ff7489617ca3503ba3239964caeb86dc255dcc8fc3e05a0325f3fc89aadf63e9341b4a38ba2979767181b67baa20a7e90800a83513a77673867f6b226
  languageName: node
  linkType: hard

"ipaddr.js@npm:1.9.1":
  version: 1.9.1
  resolution: "ipaddr.js@npm:1.9.1"
  checksum: 10c2/64f4b5996a2745992a300d26ab91c36f37b3d941bed9a054b5250555b02bf9e19645cf3174c651f7eb6733609fc2649eee50b0252b861767d55824803e6e3ce6
  languageName: node
  linkType: hard

"json-schema-ref-resolver@npm:^1.0.1":
  version: 1.0.1
  resolution: "json-schema-ref-resolver@npm:1.0.1"
  dependencies:
    fast-deep-equal: "npm:^3.1.3"
  checksum: 10c2/6071d6b2d8c4775caaff19d98d893662b80f2edb088d5aad77b01ea7b4f90ef47d43bedc98fd4e199f4986ce9ec1295449aa12b272b8821e00dcb9fa0e661c0f
  languageName: node
  linkType: hard

"json-schema-traverse@npm:^1.0.0":
  version: 1.0.0
  resolution: "json-schema-traverse@npm:1.0.0"
  checksum: 10c2/2b9a90bf4345334a36e9d1142d5144c39eca33ab4ef019f903465aa25d4304d15a077a991b40a553c081d2fe8f76794c06149f2a9a266d25892ecde02e646fb7
  languageName: node
  linkType: hard

"light-my-request@npm:^6.0.0":
  version: 6.0.0
  resolution: "light-my-request@npm:6.0.0"
  dependencies:
    cookie: "npm:^0.6.0"
    process-warning: "npm:^4.0.0"
    set-cookie-parser: "npm:^2.6.0"
  checksum: 10c2/b06f61a76bb21a089eea30c97b24322f2a20cef298162e7950dbb36fb9ccbea3046e8fad130af630fa882976cc6af9daf3d9fdb7eb19254a75b5fde3fe67bf7c
  languageName: node
  linkType: hard

"on-exit-leak-free@npm:^2.1.0":
  version: 2.1.2
  resolution: "on-exit-leak-free@npm:2.1.2"
  checksum: 10c2/38a78122582c858e111f396658e1738d1e4fdd6d20a531ffdbb65459ef149fe4180105d284dcd1eca178265586607b8f8de191276a5e33d4f943cc137ffe08f8
  languageName: node
  linkType: hard

"pino-abstract-transport@npm:^1.2.0":
  version: 1.2.0
  resolution: "pino-abstract-transport@npm:1.2.0"
  dependencies:
    readable-stream: "npm:^4.0.0"
    split2: "npm:^4.0.0"
  checksum: 10c2/f3d51a1c0c3f2d76ce4795f2e82d28e56fe49295e898c2123297698f54d2361bdc3473f7ff19a2c92c3c54ccaafcccc77198fb4e7e1c716017260cfb79962d22
  languageName: node
  linkType: hard

"pino-std-serializers@npm:^7.0.0":
  version: 7.0.0
  resolution: "pino-std-serializers@npm:7.0.0"
  checksum: 10c2/f28be1111171e5036120bc8cb8e9915191273fa61013666846451eb81bb03f3d591e61bcc665be5f5ce576fdf36f925c212166d98df319bea4e431224a00befa
  languageName: node
  linkType: hard

"pino@npm:^9.0.0":
  version: 9.4.0
  resolution: "pino@npm:9.4.0"
  dependencies:
    atomic-sleep: "npm:^1.0.0"
    fast-redact: "npm:^3.1.1"
    on-exit-leak-free: "npm:^2.1.0"
    pino-abstract-transport: "npm:^1.2.0"
    pino-std-serializers: "npm:^7.0.0"
    process-warning: "npm:^4.0.0"
    quick-format-unescaped: "npm:^4.0.3"
    real-require: "npm:^0.2.0"
    safe-stable-stringify: "npm:^2.3.1"
    sonic-boom: "npm:^4.0.1"
    thread-stream: "npm:^3.0.0"
  bin:
    pino: bin.js
  checksum: 10c2/e333d91d79719a0a1677cf592844061f88f08e0a682ffaca76971691b22334d3b198a09a48feeeeef8f1e69e5715245ab5a748cde790cbcbced03f2238a2b35a
  languageName: node
  linkType: hard

"process-warning@npm:^4.0.0":
  version: 4.0.0
  resolution: "process-warning@npm:4.0.0"
  checksum: 10c2/16ab331086faa07af3ddd82d43fe8e59c884c8166513b0b9bec872def908236682bb5ffe69579acae7e6eddea031bca5d211ca52bb97ada9bc09a5a0261a3810
  languageName: node
  linkType: hard

"process@npm:^0.11.10":
  version: 0.11.10
  resolution: "process@npm:0.11.10"
  checksum: 10c2/efe79136dcf19966bc39ebf7e5a7182dbdb3984f4903eb3ccd71a382b33c1648d7d274e90ad9f149ae65bc3e1c5ccfd8921a9f15aeb84942c6fcd8aaaac1a1e9
  languageName: node
  linkType: hard

"proxy-addr@npm:^2.0.7":
  version: 2.0.7
  resolution: "proxy-addr@npm:2.0.7"
  dependencies:
    forwarded: "npm:0.2.0"
    ipaddr.js: "npm:1.9.1"
  checksum: 10c2/5b5c49f0ccd19b0ecbbd883fc66e09a58a5bbc469684a4bd79dc10e95d0af6abe9dd481e07cf23b6ffe070a1e95263ab2821d17d37aeda2839b35f4083be83f1
  languageName: node
  linkType: hard

"quick-format-unescaped@npm:^4.0.3":
  version: 4.0.4
  resolution: "quick-format-unescaped@npm:4.0.4"
  checksum: 10c2/112a89e8a6ce63e409bbc3b0eee72be2a636487e32c64d9bb4e3e7b90bbc245e1b50d8358e3cb547ec100ffcba53e087232985c7c3e39f87cc24d406ee418bfd
  languageName: node
  linkType: hard

"readable-stream@npm:^4.0.0":
  version: 4.5.2
  resolution: "readable-stream@npm:4.5.2"
  dependencies:
    abort-controller: "npm:^3.0.0"
    buffer: "npm:^6.0.3"
    events: "npm:^3.3.0"
    process: "npm:^0.11.10"
    string_decoder: "npm:^1.3.0"
  checksum: 10c2/361a5cdfa1891495c524004dba88ab16b7f43a0710f2cb6fa26b3eb12341d7195a1b2af0a00bd70c0d8631ae596d80f22da9e324fff385d905c3e909e14be970
  languageName: node
  linkType: hard

"real-require@npm:^0.2.0":
  version: 0.2.0
  resolution: "real-require@npm:0.2.0"
  checksum: 10c2/d664f2b71760411545cdde5f8a5a232ef3c6d248c310948de63c91d26229ae90ce8435116485b9b166ba48decb19335265974597c08df75e8208fc45c4b0e5fa
  languageName: node
  linkType: hard

"require-from-string@npm:^2.0.2":
  version: 2.0.2
  resolution: "require-from-string@npm:2.0.2"
  checksum: 10c2/084665d3ae178ee59dce882afd6bf1952a519fadaa250623f740509d257e4a23fd5f7d7c3c003b2640e8ff77bdb74577d4fc16b87250697d4381872d3e413e68
  languageName: node
  linkType: hard

"ret@npm:~0.5.0":
  version: 0.5.0
  resolution: "ret@npm:0.5.0"
  checksum: 10c2/3feb473ede428e6e84ba9026494b065f8578b379e6d5a643ff1abed30210a09ba841c8b26776ad18e50cab25b7a39b3db2238a862af912ae842d7d132839ad0f
  languageName: node
  linkType: hard

"reusify@npm:^1.0.4":
  version: 1.0.4
  resolution: "reusify@npm:1.0.4"
  checksum: 10c2/07488bc1cd5497430879bec8d6820fe64489fe2486a3b72af7b440aded321f6811bdd32621ff68fbaf9d58d33eab4ea9ec0ec44009ccb8f8c1bb19eaa71bf675
  languageName: node
  linkType: hard

"rfdc@npm:^1.2.0, rfdc@npm:^1.3.1":
  version: 1.4.1
  resolution: "rfdc@npm:1.4.1"
  checksum: 10c2/b6c4e0d39798388f184cc982fca76e62ea090ce020489f9b1a817c251922dcc3f345554d334c1bfa646e4db83ac73d5d38582084910d49fd557505d3053ee222
  languageName: node
  linkType: hard

"safe-buffer@npm:~5.2.0":
  version: 5.2.1
  resolution: "safe-buffer@npm:5.2.1"
  checksum: 10c2/ae96cb7269662812eb2daa0339ab97ab5012d770496bd44f42f7dd73d7913fc8eccdd5eb1f1cacdf2462d595a9bbd6700ef34fc181d460ba01e0644942530b87
  languageName: node
  linkType: hard

"safe-regex2@npm:^4.0.0":
  version: 4.0.0
  resolution: "safe-regex2@npm:4.0.0"
  dependencies:
    ret: "npm:~0.5.0"
  checksum: 10c2/db13357218ea10545ab6360955fb90d665614cbc7a53112663665fc1e6f9f4177bb82c4af055426102fac4c33d6995da0ab018a823e00703605c2b9b4ec5c1de
  languageName: node
  linkType: hard

"safe-stable-stringify@npm:^2.3.1":
  version: 2.5.0
  resolution: "safe-stable-stringify@npm:2.5.0"
  checksum: 10c2/435ecb66ceaefddd9662048211276c9afc440ab4a30526ddba4bc96038f6fc2a4cd856bb7229b534464d131448200ea7a524a6f00600eb17ba33c57df127bc98
  languageName: node
  linkType: hard

"secure-json-parse@npm:^2.7.0":
  version: 2.7.0
  resolution: "secure-json-parse@npm:2.7.0"
  checksum: 10c2/50e845d696d08109fa1d126d9117ce92ac2cec92b6b9bdb0711e2d3e7d5aa3968863dfc705de83e95d13c3006b435b40fcdc823dc1e9ba9d3eb950d5f513bb7d
  languageName: node
  linkType: hard

"semver@npm:^7.6.0":
  version: 7.6.3
  resolution: "semver@npm:7.6.3"
  bin:
    semver: bin/semver.js
  checksum: 10c2/9b9229b0c2f943b1a031358127cf55db2955adaec083c703d97ca206003089ec54de6c24c7ba78393d1e6adc47a05278e1042b4b297a02dc1becaad3e1acc6bf
  languageName: node
  linkType: hard

"set-cookie-parser@npm:^2.6.0":
  version: 2.7.0
  resolution: "set-cookie-parser@npm:2.7.0"
  checksum: 10c2/22aaa025a19d50ded5551b7452f6125421a7028244487ab30b12b0ba036389b1dc3251ef6688e9de9402aeec48dca6567ae611a76483cb293035697b9fec63b6
  languageName: node
  linkType: hard

"sonic-boom@npm:^4.0.1":
  version: 4.1.0
  resolution: "sonic-boom@npm:4.1.0"
  dependencies:
    atomic-sleep: "npm:^1.0.0"
  checksum: 10c2/ad2cbdd26c6104f1cfe677c5475def8022f5f0dae0e05162f82d8bfd51f79ea820fe899d64aac780661c5b3d794eb69b67a9aff783f1cf2007ffeec6769ca95a
  languageName: node
  linkType: hard

"split2@npm:^4.0.0":
  version: 4.2.0
  resolution: "split2@npm:4.2.0"
  checksum: 10c2/8aac3a2a8b688bd300e6824aef572a78c8c60a72a805b04fe2d08380c1b86deaf785f43d344c6881eb8a53563b682a1dee1f3ca61998587cb1cdd449f1b9cbb4
  languageName: node
  linkType: hard

"string_decoder@npm:^1.3.0":
  version: 1.3.0
  resolution: "string_decoder@npm:1.3.0"
  dependencies:
    safe-buffer: "npm:~5.2.0"
  checksum: 10c2/48a9abbc2134c4c66cfffb081eafa4543d2808f19bd0d81cb61e2f7044746a2bf4be8eac1c2c09b7833bbf0af8d42f40593d14032d74aea12844a54966c7dd85
  languageName: node
  linkType: hard

"thread-stream@npm:^3.0.0":
  version: 3.1.0
  resolution: "thread-stream@npm:3.1.0"
  dependencies:
    real-require: "npm:^0.2.0"
  checksum: 10c2/51438bf75d2089e18645985c7e58c8cae4f2142a2c547615b22ab07a8ea658c7f8bc9228e57ecaabcccfc71817b3b6c9e0f67344c4f32cf8ad424f3fc9656405
  languageName: node
  linkType: hard

"toad-cache@npm:^3.7.0":
  version: 3.7.0
  resolution: "toad-cache@npm:3.7.0"
  checksum: 10c2/ddca644bdae9c569282a631858ab4ee5160290ac74ea14256f4e7e7e84534c3967fb0c687985ab6f6ca1a38a5c3ae11ca39b283755d3d89b1cd9a480dbd9cbca
  languageName: node
  linkType: hard
